// !$*UTF8*$!
{
	archiveVersion = 1;
	classes = {
	};
	objectVersion = 50;
	objects = {

/* Begin PBXBuildFile section */
		4339D2FA25F511E0005388E3 /* AppDelegate.swift in Sources */ = {isa = PBXBuildFile; fileRef = 4339D2F925F511E0005388E3 /* AppDelegate.swift */; };
		4339D2FC25F511E0005388E3 /* SceneDelegate.swift in Sources */ = {isa = PBXBuildFile; fileRef = 4339D2FB25F511E0005388E3 /* SceneDelegate.swift */; };
		4339D2FE25F511E0005388E3 /* ViewController.swift in Sources */ = {isa = PBXBuildFile; fileRef = 4339D2FD25F511E0005388E3 /* ViewController.swift */; };
		4339D30125F511E0005388E3 /* Main.storyboard in Resources */ = {isa = PBXBuildFile; fileRef = 4339D2FF25F511E0005388E3 /* Main.storyboard */; };
		4339D30325F511E1005388E3 /* Assets.xcassets in Resources */ = {isa = PBXBuildFile; fileRef = 4339D30225F511E1005388E3 /* Assets.xcassets */; };
		4339D30625F511E1005388E3 /* LaunchScreen.storyboard in Resources */ = {isa = PBXBuildFile; fileRef = 4339D30425F511E1005388E3 /* LaunchScreen.storyboard */; };
		43D7CBD525F5631200868F46 /* ListView.swift in Sources */ = {isa = PBXBuildFile; fileRef = 43D7CBD425F5631200868F46 /* ListView.swift */; };
/* End PBXBuildFile section */

/* Begin PBXFileReference section */
		4339D2F625F511E0005388E3 /* StreamlineApplication.app */ = {isa = PBXFileReference; explicitFileType = wrapper.application; includeInIndex = 0; path = StreamlineApplication.app; sourceTree = BUILT_PRODUCTS_DIR; };
		4339D2F925F511E0005388E3 /* AppDelegate.swift */ = {isa = PBXFileReference; lastKnownFileType = sourcecode.swift; path = AppDelegate.swift; sourceTree = "<group>"; };
		4339D2FB25F511E0005388E3 /* SceneDelegate.swift */ = {isa = PBXFileReference; lastKnownFileType = sourcecode.swift; path = SceneDelegate.swift; sourceTree = "<group>"; };
		4339D2FD25F511E0005388E3 /* ViewController.swift */ = {isa = PBXFileReference; lastKnownFileType = sourcecode.swift; path = ViewController.swift; sourceTree = "<group>"; };
		4339D30025F511E0005388E3 /* Base */ = {isa = PBXFileReference; lastKnownFileType = file.storyboard; name = Base; path = Base.lproj/Main.storyboard; sourceTree = "<group>"; };
		4339D30225F511E1005388E3 /* Assets.xcassets */ = {isa = PBXFileReference; lastKnownFileType = folder.assetcatalog; path = Assets.xcassets; sourceTree = "<group>"; };
		4339D30525F511E1005388E3 /* Base */ = {isa = PBXFileReference; lastKnownFileType = file.storyboard; name = Base; path = Base.lproj/LaunchScreen.storyboard; sourceTree = "<group>"; };
		4339D30725F511E1005388E3 /* Info.plist */ = {isa = PBXFileReference; lastKnownFileType = text.plist.xml; path = Info.plist; sourceTree = "<group>"; };
		4339D32C25F51A75005388E3 /* NewYorkExtraLarge-BoldItalic.otf */ = {isa = PBXFileReference; lastKnownFileType = file; path = "NewYorkExtraLarge-BoldItalic.otf"; sourceTree = "<group>"; };
		4339D32D25F51A75005388E3 /* NewYorkExtraLarge-Medium.otf */ = {isa = PBXFileReference; lastKnownFileType = file; path = "NewYorkExtraLarge-Medium.otf"; sourceTree = "<group>"; };
		4339D32E25F51A75005388E3 /* NewYorkExtraLarge-HeavyItalic.otf */ = {isa = PBXFileReference; lastKnownFileType = file; path = "NewYorkExtraLarge-HeavyItalic.otf"; sourceTree = "<group>"; };
		4339D32F25F51A75005388E3 /* NewYorkExtraLarge-Black.otf */ = {isa = PBXFileReference; lastKnownFileType = file; path = "NewYorkExtraLarge-Black.otf"; sourceTree = "<group>"; };
		4339D33025F51A75005388E3 /* NewYorkExtraLarge-RegularItalic.otf */ = {isa = PBXFileReference; lastKnownFileType = file; path = "NewYorkExtraLarge-RegularItalic.otf"; sourceTree = "<group>"; };
		4339D33125F51A75005388E3 /* NewYorkExtraLarge-SemiboldItalic.otf */ = {isa = PBXFileReference; lastKnownFileType = file; path = "NewYorkExtraLarge-SemiboldItalic.otf"; sourceTree = "<group>"; };
		4339D33225F51A75005388E3 /* NewYorkExtraLarge-Bold.otf */ = {isa = PBXFileReference; lastKnownFileType = file; path = "NewYorkExtraLarge-Bold.otf"; sourceTree = "<group>"; };
		4339D33325F51A75005388E3 /* NewYorkExtraLarge-MediumItalic.otf */ = {isa = PBXFileReference; lastKnownFileType = file; path = "NewYorkExtraLarge-MediumItalic.otf"; sourceTree = "<group>"; };
		4339D33425F51A75005388E3 /* NewYorkExtraLarge-Semibold.otf */ = {isa = PBXFileReference; lastKnownFileType = file; path = "NewYorkExtraLarge-Semibold.otf"; sourceTree = "<group>"; };
		4339D33525F51A75005388E3 /* NewYorkExtraLarge-Regular.otf */ = {isa = PBXFileReference; lastKnownFileType = file; path = "NewYorkExtraLarge-Regular.otf"; sourceTree = "<group>"; };
		4339D33625F51A75005388E3 /* NewYorkExtraLarge-BlackItalic.otf */ = {isa = PBXFileReference; lastKnownFileType = file; path = "NewYorkExtraLarge-BlackItalic.otf"; sourceTree = "<group>"; };
		4339D33725F51A75005388E3 /* NewYorkExtraLarge-Heavy.otf */ = {isa = PBXFileReference; lastKnownFileType = file; path = "NewYorkExtraLarge-Heavy.otf"; sourceTree = "<group>"; };
		43D7CBD425F5631200868F46 /* ListView.swift */ = {isa = PBXFileReference; lastKnownFileType = sourcecode.swift; path = ListView.swift; sourceTree = "<group>"; };
/* End PBXFileReference section */

/* Begin PBXFrameworksBuildPhase section */
		4339D2F325F511E0005388E3 /* Frameworks */ = {
			isa = PBXFrameworksBuildPhase;
			buildActionMask = 2147483647;
			files = (
			);
			runOnlyForDeploymentPostprocessing = 0;
		};
/* End PBXFrameworksBuildPhase section */

/* Begin PBXGroup section */
		4339D2ED25F511E0005388E3 = {
			isa = PBXGroup;
			children = (
				4339D2F825F511E0005388E3 /* StreamlineApplication */,
				4339D2F725F511E0005388E3 /* Products */,
			);
			sourceTree = "<group>";
		};
		4339D2F725F511E0005388E3 /* Products */ = {
			isa = PBXGroup;
			children = (
				4339D2F625F511E0005388E3 /* StreamlineApplication.app */,
			);
			name = Products;
			sourceTree = "<group>";
		};
		4339D2F825F511E0005388E3 /* StreamlineApplication */ = {
			isa = PBXGroup;
			children = (
				4339D31225F51A21005388E3 /* Fonts */,
				4339D2F925F511E0005388E3 /* AppDelegate.swift */,
				4339D2FB25F511E0005388E3 /* SceneDelegate.swift */,
				4339D2FD25F511E0005388E3 /* ViewController.swift */,
				43D7CBD425F5631200868F46 /* ListView.swift */,
				4339D2FF25F511E0005388E3 /* Main.storyboard */,
				4339D30225F511E1005388E3 /* Assets.xcassets */,
				4339D30425F511E1005388E3 /* LaunchScreen.storyboard */,
				4339D30725F511E1005388E3 /* Info.plist */,
			);
			path = StreamlineApplication;
			sourceTree = "<group>";
		};
		4339D31225F51A21005388E3 /* Fonts */ = {
			isa = PBXGroup;
			children = (
				4339D32F25F51A75005388E3 /* NewYorkExtraLarge-Black.otf */,
				4339D33625F51A75005388E3 /* NewYorkExtraLarge-BlackItalic.otf */,
				4339D33225F51A75005388E3 /* NewYorkExtraLarge-Bold.otf */,
				4339D32C25F51A75005388E3 /* NewYorkExtraLarge-BoldItalic.otf */,
				4339D33725F51A75005388E3 /* NewYorkExtraLarge-Heavy.otf */,
				4339D32E25F51A75005388E3 /* NewYorkExtraLarge-HeavyItalic.otf */,
				4339D32D25F51A75005388E3 /* NewYorkExtraLarge-Medium.otf */,
				4339D33325F51A75005388E3 /* NewYorkExtraLarge-MediumItalic.otf */,
				4339D33525F51A75005388E3 /* NewYorkExtraLarge-Regular.otf */,
				4339D33025F51A75005388E3 /* NewYorkExtraLarge-RegularItalic.otf */,
				4339D33425F51A75005388E3 /* NewYorkExtraLarge-Semibold.otf */,
				4339D33125F51A75005388E3 /* NewYorkExtraLarge-SemiboldItalic.otf */,
			);
			path = Fonts;
			sourceTree = "<group>";
		};
/* End PBXGroup section */

/* Begin PBXNativeTarget section */
		4339D2F525F511E0005388E3 /* StreamlineApplication */ = {
			isa = PBXNativeTarget;
			buildConfigurationList = 4339D30A25F511E1005388E3 /* Build configuration list for PBXNativeTarget "StreamlineApplication" */;
			buildPhases = (
				4339D2F225F511E0005388E3 /* Sources */,
				4339D2F325F511E0005388E3 /* Frameworks */,
				4339D2F425F511E0005388E3 /* Resources */,
			);
			buildRules = (
			);
			dependencies = (
			);
			name = StreamlineApplication;
			productName = StreamlineApplication;
			productReference = 4339D2F625F511E0005388E3 /* StreamlineApplication.app */;
			productType = "com.apple.product-type.application";
		};
/* End PBXNativeTarget section */

/* Begin PBXProject section */
		4339D2EE25F511E0005388E3 /* Project object */ = {
			isa = PBXProject;
			attributes = {
				LastSwiftUpdateCheck = 1240;
				LastUpgradeCheck = 1240;
				TargetAttributes = {
					4339D2F525F511E0005388E3 = {
						CreatedOnToolsVersion = 12.4;
					};
				};
			};
			buildConfigurationList = 4339D2F125F511E0005388E3 /* Build configuration list for PBXProject "StreamlineApplication" */;
			compatibilityVersion = "Xcode 9.3";
			developmentRegion = en;
			hasScannedForEncodings = 0;
			knownRegions = (
				en,
				Base,
			);
			mainGroup = 4339D2ED25F511E0005388E3;
			productRefGroup = 4339D2F725F511E0005388E3 /* Products */;
			projectDirPath = "";
			projectRoot = "";
			targets = (
				4339D2F525F511E0005388E3 /* StreamlineApplication */,
			);
		};
/* End PBXProject section */

/* Begin PBXResourcesBuildPhase section */
		4339D2F425F511E0005388E3 /* Resources */ = {
			isa = PBXResourcesBuildPhase;
			buildActionMask = 2147483647;
			files = (
				4339D30625F511E1005388E3 /* LaunchScreen.storyboard in Resources */,
				4339D30325F511E1005388E3 /* Assets.xcassets in Resources */,
				4339D30125F511E0005388E3 /* Main.storyboard in Resources */,
			);
			runOnlyForDeploymentPostprocessing = 0;
		};
/* End PBXResourcesBuildPhase section */

/* Begin PBXSourcesBuildPhase section */
		4339D2F225F511E0005388E3 /* Sources */ = {
			isa = PBXSourcesBuildPhase;
			buildActionMask = 2147483647;
			files = (
				43D7CBD525F5631200868F46 /* ListView.swift in Sources */,
				4339D2FE25F511E0005388E3 /* ViewController.swift in Sources */,
				4339D2FA25F511E0005388E3 /* AppDelegate.swift in Sources */,
				4339D2FC25F511E0005388E3 /* SceneDelegate.swift in Sources */,
			);
			runOnlyForDeploymentPostprocessing = 0;
		};
/* End PBXSourcesBuildPhase section */

/* Begin PBXVariantGroup section */
		4339D2FF25F511E0005388E3 /* Main.storyboard */ = {
			isa = PBXVariantGroup;
			children = (
				4339D30025F511E0005388E3 /* Base */,
			);
			name = Main.storyboard;
			sourceTree = "<group>";
		};
		4339D30425F511E1005388E3 /* LaunchScreen.storyboard */ = {
			isa = PBXVariantGroup;
			children = (
				4339D30525F511E1005388E3 /* Base */,
			);
			name = LaunchScreen.storyboard;
			sourceTree = "<group>";
		};
/* End PBXVariantGroup section */

/* Begin XCBuildConfiguration section */
		4339D30825F511E1005388E3 /* Debug */ = {
			isa = XCBuildConfiguration;
			buildSettings = {
				ALWAYS_SEARCH_USER_PATHS = NO;
				CLANG_ANALYZER_NONNULL = YES;
				CLANG_ANALYZER_NUMBER_OBJECT_CONVERSION = YES_AGGRESSIVE;
				CLANG_CXX_LANGUAGE_STANDARD = "gnu++14";
				CLANG_CXX_LIBRARY = "libc++";
				CLANG_ENABLE_MODULES = YES;
				CLANG_ENABLE_OBJC_ARC = YES;
				CLANG_ENABLE_OBJC_WEAK = YES;
				CLANG_WARN_BLOCK_CAPTURE_AUTORELEASING = YES;
				CLANG_WARN_BOOL_CONVERSION = YES;
				CLANG_WARN_COMMA = YES;
				CLANG_WARN_CONSTANT_CONVERSION = YES;
				CLANG_WARN_DEPRECATED_OBJC_IMPLEMENTATIONS = YES;
				CLANG_WARN_DIRECT_OBJC_ISA_USAGE = YES_ERROR;
				CLANG_WARN_DOCUMENTATION_COMMENTS = YES;
				CLANG_WARN_EMPTY_BODY = YES;
				CLANG_WARN_ENUM_CONVERSION = YES;
				CLANG_WARN_INFINITE_RECURSION = YES;
				CLANG_WARN_INT_CONVERSION = YES;
				CLANG_WARN_NON_LITERAL_NULL_CONVERSION = YES;
				CLANG_WARN_OBJC_IMPLICIT_RETAIN_SELF = YES;
				CLANG_WARN_OBJC_LITERAL_CONVERSION = YES;
				CLANG_WARN_OBJC_ROOT_CLASS = YES_ERROR;
				CLANG_WARN_QUOTED_INCLUDE_IN_FRAMEWORK_HEADER = YES;
				CLANG_WARN_RANGE_LOOP_ANALYSIS = YES;
				CLANG_WARN_STRICT_PROTOTYPES = YES;
				CLANG_WARN_SUSPICIOUS_MOVE = YES;
				CLANG_WARN_UNGUARDED_AVAILABILITY = YES_AGGRESSIVE;
				CLANG_WARN_UNREACHABLE_CODE = YES;
				CLANG_WARN__DUPLICATE_METHOD_MATCH = YES;
				COPY_PHASE_STRIP = NO;
				DEBUG_INFORMATION_FORMAT = dwarf;
				ENABLE_STRICT_OBJC_MSGSEND = YES;
				ENABLE_TESTABILITY = YES;
				GCC_C_LANGUAGE_STANDARD = gnu11;
				GCC_DYNAMIC_NO_PIC = NO;
				GCC_NO_COMMON_BLOCKS = YES;
				GCC_OPTIMIZATION_LEVEL = 0;
				GCC_PREPROCESSOR_DEFINITIONS = (
					"DEBUG=1",
					"$(inherited)",
				);
				GCC_WARN_64_TO_32_BIT_CONVERSION = YES;
				GCC_WARN_ABOUT_RETURN_TYPE = YES_ERROR;
				GCC_WARN_UNDECLARED_SELECTOR = YES;
				GCC_WARN_UNINITIALIZED_AUTOS = YES_AGGRESSIVE;
				GCC_WARN_UNUSED_FUNCTION = YES;
				GCC_WARN_UNUSED_VARIABLE = YES;
				IPHONEOS_DEPLOYMENT_TARGET = 14.4;
				MTL_ENABLE_DEBUG_INFO = INCLUDE_SOURCE;
				MTL_FAST_MATH = YES;
				ONLY_ACTIVE_ARCH = YES;
				SDKROOT = iphoneos;
				SWIFT_ACTIVE_COMPILATION_CONDITIONS = DEBUG;
				SWIFT_OPTIMIZATION_LEVEL = "-Onone";
			};
			name = Debug;
		};
		4339D30925F511E1005388E3 /* Release */ = {
			isa = XCBuildConfiguration;
			buildSettings = {
				ALWAYS_SEARCH_USER_PATHS = NO;
				CLANG_ANALYZER_NONNULL = YES;
				CLANG_ANALYZER_NUMBER_OBJECT_CONVERSION = YES_AGGRESSIVE;
				CLANG_CXX_LANGUAGE_STANDARD = "gnu++14";
				CLANG_CXX_LIBRARY = "libc++";
				CLANG_ENABLE_MODULES = YES;
				CLANG_ENABLE_OBJC_ARC = YES;
				CLANG_ENABLE_OBJC_WEAK = YES;
				CLANG_WARN_BLOCK_CAPTURE_AUTORELEASING = YES;
				CLANG_WARN_BOOL_CONVERSION = YES;
				CLANG_WARN_COMMA = YES;
				CLANG_WARN_CONSTANT_CONVERSION = YES;
				CLANG_WARN_DEPRECATED_OBJC_IMPLEMENTATIONS = YES;
				CLANG_WARN_DIRECT_OBJC_ISA_USAGE = YES_ERROR;
				CLANG_WARN_DOCUMENTATION_COMMENTS = YES;
				CLANG_WARN_EMPTY_BODY = YES;
				CLANG_WARN_ENUM_CONVERSION = YES;
				CLANG_WARN_INFINITE_RECURSION = YES;
				CLANG_WARN_INT_CONVERSION = YES;
				CLANG_WARN_NON_LITERAL_NULL_CONVERSION = YES;
				CLANG_WARN_OBJC_IMPLICIT_RETAIN_SELF = YES;
				CLANG_WARN_OBJC_LITERAL_CONVERSION = YES;
				CLANG_WARN_OBJC_ROOT_CLASS = YES_ERROR;
				CLANG_WARN_QUOTED_INCLUDE_IN_FRAMEWORK_HEADER = YES;
				CLANG_WARN_RANGE_LOOP_ANALYSIS = YES;
				CLANG_WARN_STRICT_PROTOTYPES = YES;
				CLANG_WARN_SUSPICIOUS_MOVE = YES;
				CLANG_WARN_UNGUARDED_AVAILABILITY = YES_AGGRESSIVE;
				CLANG_WARN_UNREACHABLE_CODE = YES;
				CLANG_WARN__DUPLICATE_METHOD_MATCH = YES;
				COPY_PHASE_STRIP = NO;
				DEBUG_INFORMATION_FORMAT = "dwarf-with-dsym";
				ENABLE_NS_ASSERTIONS = NO;
				ENABLE_STRICT_OBJC_MSGSEND = YES;
				GCC_C_LANGUAGE_STANDARD = gnu11;
				GCC_NO_COMMON_BLOCKS = YES;
				GCC_WARN_64_TO_32_BIT_CONVERSION = YES;
				GCC_WARN_ABOUT_RETURN_TYPE = YES_ERROR;
				GCC_WARN_UNDECLARED_SELECTOR = YES;
				GCC_WARN_UNINITIALIZED_AUTOS = YES_AGGRESSIVE;
				GCC_WARN_UNUSED_FUNCTION = YES;
				GCC_WARN_UNUSED_VARIABLE = YES;
				IPHONEOS_DEPLOYMENT_TARGET = 14.4;
				MTL_ENABLE_DEBUG_INFO = NO;
				MTL_FAST_MATH = YES;
				SDKROOT = iphoneos;
				SWIFT_COMPILATION_MODE = wholemodule;
				SWIFT_OPTIMIZATION_LEVEL = "-O";
				VALIDATE_PRODUCT = YES;
			};
			name = Release;
		};
		4339D30B25F511E1005388E3 /* Debug */ = {
			isa = XCBuildConfiguration;
			buildSettings = {
				ASSETCATALOG_COMPILER_APPICON_NAME = AppIcon;
				ASSETCATALOG_COMPILER_GLOBAL_ACCENT_COLOR_NAME = AccentColor;
				CODE_SIGN_STYLE = Automatic;
				DEVELOPMENT_TEAM = 6P36N2Y47J;
				INFOPLIST_FILE = StreamlineApplication/Info.plist;
				LD_RUNPATH_SEARCH_PATHS = (
					"$(inherited)",
					"@executable_path/Frameworks",
				);
				PRODUCT_BUNDLE_IDENTIFIER = com.vardnan.StreamlineApplication;
				PRODUCT_NAME = "$(TARGET_NAME)";
				SWIFT_VERSION = 5.0;
				TARGETED_DEVICE_FAMILY = "1,2";
			};
			name = Debug;
		};
		4339D30C25F511E1005388E3 /* Release */ = {
			isa = XCBuildConfiguration;
			buildSettings = {
				ASSETCATALOG_COMPILER_APPICON_NAME = AppIcon;
				ASSETCATALOG_COMPILER_GLOBAL_ACCENT_COLOR_NAME = AccentColor;
				CODE_SIGN_STYLE = Automatic;
				DEVELOPMENT_TEAM = 6P36N2Y47J;
				INFOPLIST_FILE = StreamlineApplication/Info.plist;
				LD_RUNPATH_SEARCH_PATHS = (
					"$(inherited)",
					"@executable_path/Frameworks",
				);
				PRODUCT_BUNDLE_IDENTIFIER = com.vardnan.StreamlineApplication;
				PRODUCT_NAME = "$(TARGET_NAME)";
				SWIFT_VERSION = 5.0;
				TARGETED_DEVICE_FAMILY = "1,2";
			};
			name = Release;
		};
/* End XCBuildConfiguration section */

/* Begin XCConfigurationList section */
		4339D2F125F511E0005388E3 /* Build configuration list for PBXProject "StreamlineApplication" */ = {
			isa = XCConfigurationList;
			buildConfigurations = (
				4339D30825F511E1005388E3 /* Debug */,
				4339D30925F511E1005388E3 /* Release */,
			);
			defaultConfigurationIsVisible = 0;
			defaultConfigurationName = Release;
		};
		4339D30A25F511E1005388E3 /* Build configuration list for PBXNativeTarget "StreamlineApplication" */ = {
			isa = XCConfigurationList;
			buildConfigurations = (
				4339D30B25F511E1005388E3 /* Debug */,
				4339D30C25F511E1005388E3 /* Release */,
			);
			defaultConfigurationIsVisible = 0;
			defaultConfigurationName = Release;
		};
/* End XCConfigurationList section */
	};
	rootObject = 4339D2EE25F511E0005388E3 /* Project object */;
}
